{
  "version": "5",
  "specifiers": {
    "jsr:@libs/testing@^4.0.1": "4.0.2",
    "jsr:@libs/typing@^3.1.2": "3.1.3",
    "jsr:@std/assert@1": "1.0.13",
    "jsr:@std/assert@^1.0.13": "1.0.13",
    "jsr:@std/expect@1": "1.0.16",
    "jsr:@std/fmt@1": "1.0.8",
    "jsr:@std/html@1": "1.0.4",
    "jsr:@std/http@1": "1.0.19",
    "jsr:@std/internal@^1.0.6": "1.0.9",
    "jsr:@std/internal@^1.0.7": "1.0.9",
    "npm:@types/node@*": "22.15.15",
    "npm:highlight.js@^11.10.0": "11.11.1",
    "npm:mitata@*": "1.0.34",
    "npm:mitata@^1.0.34": "1.0.34"
  },
  "jsr": {
    "@libs/testing@4.0.2": {
      "integrity": "2dcbfcc76e4a0fa84d9722a3f0875e5d8b5a07b3dcd128708fe6c8c6bb347246",
      "dependencies": [
        "jsr:@libs/typing",
        "jsr:@std/assert@1",
        "jsr:@std/expect",
        "jsr:@std/fmt",
        "jsr:@std/html",
        "jsr:@std/http",
        "npm:highlight.js"
      ]
    },
    "@libs/typing@3.1.3": {
      "integrity": "339d3c6475f1180c43b2a0aec73e2142dca4cbfa42ef995a36643824b400465d"
    },
    "@std/assert@1.0.13": {
      "integrity": "ae0d31e41919b12c656c742b22522c32fb26ed0cba32975cb0de2a273cb68b29",
      "dependencies": [
        "jsr:@std/internal@^1.0.6"
      ]
    },
    "@std/expect@1.0.16": {
      "integrity": "ceeef6dda21f256a5f0f083fcc0eaca175428b523359a9b1d9b3a1df11cc7391",
      "dependencies": [
        "jsr:@std/assert@^1.0.13",
        "jsr:@std/internal@^1.0.7"
      ]
    },
    "@std/fmt@1.0.8": {
      "integrity": "71e1fc498787e4434d213647a6e43e794af4fd393ef8f52062246e06f7e372b7"
    },
    "@std/html@1.0.4": {
      "integrity": "eff3497c08164e6ada49b7f81a28b5108087033823153d065e3f89467dd3d50e"
    },
    "@std/http@1.0.19": {
      "integrity": "52128c8d00a1f0b20019f8b72376e7ef5f3133375b6f805b5bc89b9de2ad4686"
    },
    "@std/internal@1.0.9": {
      "integrity": "bdfb97f83e4db7a13e8faab26fb1958d1b80cc64366501af78a0aee151696eb8"
    }
  },
  "npm": {
    "@types/node@22.15.15": {
      "integrity": "sha512-R5muMcZob3/Jjchn5LcO8jdKwSCbzqmPB6ruBxMcf9kbxtniZHP327s6C37iOfuw8mbKK3cAQa7sEl7afLrQ8A==",
      "dependencies": [
        "undici-types"
      ]
    },
    "highlight.js@11.11.1": {
      "integrity": "sha512-Xwwo44whKBVCYoliBQwaPvtd/2tYFkRQtXDWj1nackaV2JPXx3L0+Jvd8/qCJ2p+ML0/XVkJ2q+Mr+UVdpJK5w=="
    },
    "mitata@1.0.34": {
      "integrity": "sha512-Mc3zrtNBKIMeHSCQ0XqRLo1vbdIx1wvFV9c8NJAiyho6AjNfMY8bVhbS12bwciUdd1t4rj8099CH3N3NFahaUA=="
    },
    "undici-types@6.21.0": {
      "integrity": "sha512-iwDZqg0QAGrg9Rav5H4n0M64c3mkR59cJ6wQp+7C4nI0gsmExaedaYLNO44eT4AtBBwjbTiGPMlt2Md0T9H9JQ=="
    }
  },
  "workspace": {
    "dependencies": [
      "jsr:@libs/testing@^4.0.1",
      "jsr:@std/assert@1",
      "npm:mitata@^1.0.34"
    ]
  }
}
